
Microsoft Visual Studio Solution File, Format Version 12.00
# Visual Studio 14
VisualStudioVersion = 14.0.25420.1
MinimumVisualStudioVersion = 10.0.40219.1
Project("{FAE04EC0-301F-11D3-BF4B-00C04F79EFBC}") = "TweetSearcher", "TweetSearcher\TweetSearcher.csproj", "{D1DD2D44-2ACE-4EE4-80C0-0BA5EC5FAC3A}"
EndProject
Project("{FAE04EC0-301F-11D3-BF4B-00C04F79EFBC}") = "TestBench", "TestBench\TestBench.csproj", "{43A62B04-42D6-47B8-B7F0-78FC3968F794}"
EndProject
Global
	GlobalSection(SolutionConfigurationPlatforms) = preSolution
		Debug|Any CPU = Debug|Any CPU
		Release|Any CPU = Release|Any CPU
	EndGlobalSection
	GlobalSection(ProjectConfigurationPlatforms) = postSolution
		{D1DD2D44-2ACE-4EE4-80C0-0BA5EC5FAC3A}.Debug|Any CPU.ActiveCfg = Debug|Any CPU
		{D1DD2D44-2ACE-4EE4-80C0-0BA5EC5FAC3A}.Debug|Any CPU.Build.0 = Debug|Any CPU
		{D1DD2D44-2ACE-4EE4-80C0-0BA5EC5FAC3A}.Release|Any CPU.ActiveCfg = Release|Any CPU
		{D1DD2D44-2ACE-4EE4-80C0-0BA5EC5FAC3A}.Release|Any CPU.Build.0 = Release|Any CPU
		{43A62B04-42D6-47B8-B7F0-78FC3968F794}.Debug|Any CPU.ActiveCfg = Debug|Any CPU
		{43A62B04-42D6-47B8-B7F0-78FC3968F794}.Debug|Any CPU.Build.0 = Debug|Any CPU
		{43A62B04-42D6-47B8-B7F0-78FC3968F794}.Release|Any CPU.ActiveCfg = Release|Any CPU
		{43A62B04-42D6-47B8-B7F0-78FC3968F794}.Release|Any CPU.Build.0 = Release|Any CPU
	EndGlobalSection
	GlobalSection(SolutionProperties) = preSolution
		HideSolutionNode = FALSE
	EndGlobalSection
EndGlobal
